
Microsoft Visual Studio Solution File, Format Version 12.00
# Visual Studio 2012
Project("{FAE04EC0-301F-11D3-BF4B-00C04F79EFBC}") = "WfmExamenFinal", "wfm\WfmExamenFinal.csproj", "{36A033C4-0B3F-4BC5-8EFF-6B673D93F57B}"
EndProject
Global
	GlobalSection(SolutionConfigurationPlatforms) = preSolution
		Debug|Any CPU = Debug|Any CPU
		Release|Any CPU = Release|Any CPU
	EndGlobalSection
	GlobalSection(ProjectConfigurationPlatforms) = postSolution
		{36A033C4-0B3F-4BC5-8EFF-6B673D93F57B}.Debug|Any CPU.ActiveCfg = Debug|Any CPU
		{36A033C4-0B3F-4BC5-8EFF-6B673D93F57B}.Debug|Any CPU.Build.0 = Debug|Any CPU
		{36A033C4-0B3F-4BC5-8EFF-6B673D93F57B}.Release|Any CPU.ActiveCfg = Release|Any CPU
		{36A033C4-0B3F-4BC5-8EFF-6B673D93F57B}.Release|Any CPU.Build.0 = Release|Any CPU
	EndGlobalSection
	GlobalSection(SolutionProperties) = preSolution
		HideSolutionNode = FALSE
	EndGlobalSection
EndGlobal
